
Microsoft Visual Studio Solution File, Format Version 12.00
# Visual Studio 15
VisualStudioVersion = 15.0.28307.779
MinimumVisualStudioVersion = 10.0.40219.1
Project("{8BC9CEB8-8B4A-11D0-8D11-00A0C91BC942}") = "57-3", "57-3\57-3.vcxproj", "{56D2EE23-31C0-4FF8-9337-6AA882688270}"
EndProject
Global
	GlobalSection(SolutionConfigurationPlatforms) = preSolution
		Debug|x64 = Debug|x64
		Debug|x86 = Debug|x86
		Release|x64 = Release|x64
		Release|x86 = Release|x86
	EndGlobalSection
	GlobalSection(ProjectConfigurationPlatforms) = postSolution
		{56D2EE23-31C0-4FF8-9337-6AA882688270}.Debug|x64.ActiveCfg = Debug|x64
		{56D2EE23-31C0-4FF8-9337-6AA882688270}.Debug|x64.Build.0 = Debug|x64
		{56D2EE23-31C0-4FF8-9337-6AA882688270}.Debug|x86.ActiveCfg = Debug|Win32
		{56D2EE23-31C0-4FF8-9337-6AA882688270}.Debug|x86.Build.0 = Debug|Win32
		{56D2EE23-31C0-4FF8-9337-6AA882688270}.Release|x64.ActiveCfg = Release|x64
		{56D2EE23-31C0-4FF8-9337-6AA882688270}.Release|x64.Build.0 = Release|x64
		{56D2EE23-31C0-4FF8-9337-6AA882688270}.Release|x86.ActiveCfg = Release|Win32
		{56D2EE23-31C0-4FF8-9337-6AA882688270}.Release|x86.Build.0 = Release|Win32
	EndGlobalSection
	GlobalSection(SolutionProperties) = preSolution
		HideSolutionNode = FALSE
	EndGlobalSection
	GlobalSection(ExtensibilityGlobals) = postSolution
		SolutionGuid = {276E397E-706E-438C-B957-B404CD0B4E75}
	EndGlobalSection
EndGlobal
