
Microsoft Visual Studio Solution File, Format Version 12.00
# Visual Studio 15
VisualStudioVersion = 15.0.28307.757
MinimumVisualStudioVersion = 10.0.40219.1
Project("{8BC9CEB8-8B4A-11D0-8D11-00A0C91BC942}") = "13 simboliu eilutes", "13 simboliu eilutes\13 simboliu eilutes.vcxproj", "{F2466465-AB84-467C-8968-8A4BEE3BF253}"
EndProject
Global
	GlobalSection(SolutionConfigurationPlatforms) = preSolution
		Debug|x64 = Debug|x64
		Debug|x86 = Debug|x86
		Release|x64 = Release|x64
		Release|x86 = Release|x86
	EndGlobalSection
	GlobalSection(ProjectConfigurationPlatforms) = postSolution
		{F2466465-AB84-467C-8968-8A4BEE3BF253}.Debug|x64.ActiveCfg = Debug|x64
		{F2466465-AB84-467C-8968-8A4BEE3BF253}.Debug|x64.Build.0 = Debug|x64
		{F2466465-AB84-467C-8968-8A4BEE3BF253}.Debug|x86.ActiveCfg = Debug|Win32
		{F2466465-AB84-467C-8968-8A4BEE3BF253}.Debug|x86.Build.0 = Debug|Win32
		{F2466465-AB84-467C-8968-8A4BEE3BF253}.Release|x64.ActiveCfg = Release|x64
		{F2466465-AB84-467C-8968-8A4BEE3BF253}.Release|x64.Build.0 = Release|x64
		{F2466465-AB84-467C-8968-8A4BEE3BF253}.Release|x86.ActiveCfg = Release|Win32
		{F2466465-AB84-467C-8968-8A4BEE3BF253}.Release|x86.Build.0 = Release|Win32
	EndGlobalSection
	GlobalSection(SolutionProperties) = preSolution
		HideSolutionNode = FALSE
	EndGlobalSection
	GlobalSection(ExtensibilityGlobals) = postSolution
		SolutionGuid = {758ECC14-3A60-41B2-BAF0-FA0624CA0FAB}
	EndGlobalSection
EndGlobal
